Microsoft Visual Studio Solution File, Format Version 11.00
# Visual Studio 2010
Project("{FAE04EC0-301F-11D3-BF4B-00C04F79EFBC}") = "Assembly-CSharp", "Assembly-CSharp.csproj", "{598A479D-C709-1A47-358E-9C4FD8999B38}"
EndProject
Project("{FAE04EC0-301F-11D3-BF4B-00C04F79EFBC}") = "Assembly-CSharp-Editor", "Assembly-CSharp-Editor.csproj", "{CCE7C9CA-39AE-87A5-E09B-BBFFEB2B1A86}"
EndProject
Global
	GlobalSection(SolutionConfigurationPlatforms) = preSolution
		Debug|Any CPU = Debug|Any CPU
		Release|Any CPU = Release|Any CPU
	EndGlobalSection
	GlobalSection(ProjectConfigurationPlatforms) = postSolution
		{598A479D-C709-1A47-358E-9C4FD8999B38}.Debug|Any CPU.ActiveCfg = Debug|Any CPU
		{598A479D-C709-1A47-358E-9C4FD8999B38}.Debug|Any CPU.Build.0 = Debug|Any CPU
		{598A479D-C709-1A47-358E-9C4FD8999B38}.Release|Any CPU.ActiveCfg = Release|Any CPU
		{598A479D-C709-1A47-358E-9C4FD8999B38}.Release|Any CPU.Build.0 = Release|Any CPU
		{CCE7C9CA-39AE-87A5-E09B-BBFFEB2B1A86}.Debug|Any CPU.ActiveCfg = Debug|Any CPU
		{CCE7C9CA-39AE-87A5-E09B-BBFFEB2B1A86}.Debug|Any CPU.Build.0 = Debug|Any CPU
		{CCE7C9CA-39AE-87A5-E09B-BBFFEB2B1A86}.Release|Any CPU.ActiveCfg = Release|Any CPU
		{CCE7C9CA-39AE-87A5-E09B-BBFFEB2B1A86}.Release|Any CPU.Build.0 = Release|Any CPU
	EndGlobalSection
	GlobalSection(SolutionProperties) = preSolution
		HideSolutionNode = FALSE
	EndGlobalSection
	GlobalSection(MonoDevelopProperties) = preSolution
		StartupItem = Assembly-CSharp.csproj
	EndGlobalSection
EndGlobal
